// !$*UTF8*$!
{
	archiveVersion = 1;
	classes = {
	};
	objectVersion = 50;
	objects = {

/* Begin PBXBuildFile section */
		183173AA213AEC5A00B342C1 /* AppDelegate.swift in Sources */ = {isa = PBXBuildFile; fileRef = 183173A9213AEC5A00B342C1 /* AppDelegate.swift */; };
		183173AC213AEC5A00B342C1 /* ViewController.swift in Sources */ = {isa = PBXBuildFile; fileRef = 183173AB213AEC5A00B342C1 /* ViewController.swift */; };
		183173AF213AEC5A00B342C1 /* Main.storyboard in Resources */ = {isa = PBXBuildFile; fileRef = 183173AD213AEC5A00B342C1 /* Main.storyboard */; };
		183173B1213AEC5C00B342C1 /* Assets.xcassets in Resources */ = {isa = PBXBuildFile; fileRef = 183173B0213AEC5C00B342C1 /* Assets.xcassets */; };
		183173B4213AEC5C00B342C1 /* LaunchScreen.storyboard in Resources */ = {isa = PBXBuildFile; fileRef = 183173B2213AEC5C00B342C1 /* LaunchScreen.storyboard */; };
		183173BF213AEC5C00B342C1 /* MentionsTests.swift in Sources */ = {isa = PBXBuildFile; fileRef = 183173BE213AEC5C00B342C1 /* MentionsTests.swift */; };
		183173CA213AEC5C00B342C1 /* MentionsUITests.swift in Sources */ = {isa = PBXBuildFile; fileRef = 183173C9213AEC5C00B342C1 /* MentionsUITests.swift */; };
		183173D8213AEDB600B342C1 /* User.swift in Sources */ = {isa = PBXBuildFile; fileRef = 183173D7213AEDB600B342C1 /* User.swift */; };
		183173DA213AEE8500B342C1 /* MentionsManager.swift in Sources */ = {isa = PBXBuildFile; fileRef = 183173D9213AEE8500B342C1 /* MentionsManager.swift */; };
		183173DD213AF32800B342C1 /* UserTableViewCell.swift in Sources */ = {isa = PBXBuildFile; fileRef = 183173DB213AF32800B342C1 /* UserTableViewCell.swift */; };
		183173DE213AF32800B342C1 /* UserTableViewCell.xib in Resources */ = {isa = PBXBuildFile; fileRef = 183173DC213AF32800B342C1 /* UserTableViewCell.xib */; };
		3A654F66FBF871FE25F66026 /* Pods_MentionsTests.framework in Frameworks */ = {isa = PBXBuildFile; fileRef = 917B8C24FFDAD3DD2D0D5D2A /* Pods_MentionsTests.framework */; };
		40B694A205EF54500AF6294D /* Pods_Mentions.framework in Frameworks */ = {isa = PBXBuildFile; fileRef = 6A41E6782C66D853732E5C3A /* Pods_Mentions.framework */; };
		C1B727D568EB77E72925FE77 /* Pods_MentionsUITests.framework in Frameworks */ = {isa = PBXBuildFile; fileRef = 690E98DC667255CB9F8A089F /* Pods_MentionsUITests.framework */; };
/* End PBXBuildFile section */

/* Begin PBXContainerItemProxy section */
		183173BB213AEC5C00B342C1 /* PBXContainerItemProxy */ = {
			isa = PBXContainerItemProxy;
			containerPortal = 1831739E213AEC5A00B342C1 /* Project object */;
			proxyType = 1;
			remoteGlobalIDString = 183173A5213AEC5A00B342C1;
			remoteInfo = Mentions;
		};
		183173C6213AEC5C00B342C1 /* PBXContainerItemProxy */ = {
			isa = PBXContainerItemProxy;
			containerPortal = 1831739E213AEC5A00B342C1 /* Project object */;
			proxyType = 1;
			remoteGlobalIDString = 183173A5213AEC5A00B342C1;
			remoteInfo = Mentions;
		};
/* End PBXContainerItemProxy section */

/* Begin PBXFileReference section */
		183173A6213AEC5A00B342C1 /* Mentions.app */ = {isa = PBXFileReference; explicitFileType = wrapper.application; includeInIndex = 0; path = Mentions.app; sourceTree = BUILT_PRODUCTS_DIR; };
		183173A9213AEC5A00B342C1 /* AppDelegate.swift */ = {isa = PBXFileReference; lastKnownFileType = sourcecode.swift; path = AppDelegate.swift; sourceTree = "<group>"; };
		183173AB213AEC5A00B342C1 /* ViewController.swift */ = {isa = PBXFileReference; lastKnownFileType = sourcecode.swift; path = ViewController.swift; sourceTree = "<group>"; };
		183173AE213AEC5A00B342C1 /* Base */ = {isa = PBXFileReference; lastKnownFileType = file.storyboard; name = Base; path = Base.lproj/Main.storyboard; sourceTree = "<group>"; };
		183173B0213AEC5C00B342C1 /* Assets.xcassets */ = {isa = PBXFileReference; lastKnownFileType = folder.assetcatalog; path = Assets.xcassets; sourceTree = "<group>"; };
		183173B3213AEC5C00B342C1 /* Base */ = {isa = PBXFileReference; lastKnownFileType = file.storyboard; name = Base; path = Base.lproj/LaunchScreen.storyboard; sourceTree = "<group>"; };
		183173B5213AEC5C00B342C1 /* Info.plist */ = {isa = PBXFileReference; lastKnownFileType = text.plist.xml; path = Info.plist; sourceTree = "<group>"; };
		183173BA213AEC5C00B342C1 /* MentionsTests.xctest */ = {isa = PBXFileReference; explicitFileType = wrapper.cfbundle; includeInIndex = 0; path = MentionsTests.xctest; sourceTree = BUILT_PRODUCTS_DIR; };
		183173BE213AEC5C00B342C1 /* MentionsTests.swift */ = {isa = PBXFileReference; lastKnownFileType = sourcecode.swift; path = MentionsTests.swift; sourceTree = "<group>"; };
		183173C0213AEC5C00B342C1 /* Info.plist */ = {isa = PBXFileReference; lastKnownFileType = text.plist.xml; path = Info.plist; sourceTree = "<group>"; };
		183173C5213AEC5C00B342C1 /* MentionsUITests.xctest */ = {isa = PBXFileReference; explicitFileType = wrapper.cfbundle; includeInIndex = 0; path = MentionsUITests.xctest; sourceTree = BUILT_PRODUCTS_DIR; };
		183173C9213AEC5C00B342C1 /* MentionsUITests.swift */ = {isa = PBXFileReference; lastKnownFileType = sourcecode.swift; path = MentionsUITests.swift; sourceTree = "<group>"; };
		183173CB213AEC5C00B342C1 /* Info.plist */ = {isa = PBXFileReference; lastKnownFileType = text.plist.xml; path = Info.plist; sourceTree = "<group>"; };
		183173D7213AEDB600B342C1 /* User.swift */ = {isa = PBXFileReference; lastKnownFileType = sourcecode.swift; path = User.swift; sourceTree = "<group>"; };
		183173D9213AEE8500B342C1 /* MentionsManager.swift */ = {isa = PBXFileReference; lastKnownFileType = sourcecode.swift; path = MentionsManager.swift; sourceTree = "<group>"; };
		183173DB213AF32800B342C1 /* UserTableViewCell.swift */ = {isa = PBXFileReference; lastKnownFileType = sourcecode.swift; path = UserTableViewCell.swift; sourceTree = "<group>"; };
		183173DC213AF32800B342C1 /* UserTableViewCell.xib */ = {isa = PBXFileReference; lastKnownFileType = file.xib; path = UserTableViewCell.xib; sourceTree = "<group>"; };
		2531A197A90010A37D93486E /* Pods-MentionsUITests.release.xcconfig */ = {isa = PBXFileReference; includeInIndex = 1; lastKnownFileType = text.xcconfig; name = "Pods-MentionsUITests.release.xcconfig"; path = "Pods/Target Support Files/Pods-MentionsUITests/Pods-MentionsUITests.release.xcconfig"; sourceTree = "<group>"; };
		4CC38F66C4119B5FBEFEC134 /* Pods-Mentions.release.xcconfig */ = {isa = PBXFileReference; includeInIndex = 1; lastKnownFileType = text.xcconfig; name = "Pods-Mentions.release.xcconfig"; path = "Pods/Target Support Files/Pods-Mentions/Pods-Mentions.release.xcconfig"; sourceTree = "<group>"; };
		690E98DC667255CB9F8A089F /* Pods_MentionsUITests.framework */ = {isa = PBXFileReference; explicitFileType = wrapper.framework; includeInIndex = 0; path = Pods_MentionsUITests.framework; sourceTree = BUILT_PRODUCTS_DIR; };
		6A41E6782C66D853732E5C3A /* Pods_Mentions.framework */ = {isa = PBXFileReference; explicitFileType = wrapper.framework; includeInIndex = 0; path = Pods_Mentions.framework; sourceTree = BUILT_PRODUCTS_DIR; };
		917B8C24FFDAD3DD2D0D5D2A /* Pods_MentionsTests.framework */ = {isa = PBXFileReference; explicitFileType = wrapper.framework; includeInIndex = 0; path = Pods_MentionsTests.framework; sourceTree = BUILT_PRODUCTS_DIR; };
		9C61240113BCAD1CB7A721D3 /* Pods-MentionsTests.release.xcconfig */ = {isa = PBXFileReference; includeInIndex = 1; lastKnownFileType = text.xcconfig; name = "Pods-MentionsTests.release.xcconfig"; path = "Pods/Target Support Files/Pods-MentionsTests/Pods-MentionsTests.release.xcconfig"; sourceTree = "<group>"; };
		A6E016B373D10EB8850AA948 /* Pods-Mentions.debug.xcconfig */ = {isa = PBXFileReference; includeInIndex = 1; lastKnownFileType = text.xcconfig; name = "Pods-Mentions.debug.xcconfig"; path = "Pods/Target Support Files/Pods-Mentions/Pods-Mentions.debug.xcconfig"; sourceTree = "<group>"; };
		BD254C30623D21D764042FE5 /* Pods-MentionsTests.debug.xcconfig */ = {isa = PBXFileReference; includeInIndex = 1; lastKnownFileType = text.xcconfig; name = "Pods-MentionsTests.debug.xcconfig"; path = "Pods/Target Support Files/Pods-MentionsTests/Pods-MentionsTests.debug.xcconfig"; sourceTree = "<group>"; };
		CFC12394735E5F99602A419B /* Pods-MentionsUITests.debug.xcconfig */ = {isa = PBXFileReference; includeInIndex = 1; lastKnownFileType = text.xcconfig; name = "Pods-MentionsUITests.debug.xcconfig"; path = "Pods/Target Support Files/Pods-MentionsUITests/Pods-MentionsUITests.debug.xcconfig"; sourceTree = "<group>"; };
/* End PBXFileReference section */

/* Begin PBXFrameworksBuildPhase section */
		183173A3213AEC5A00B342C1 /* Frameworks */ = {
			isa = PBXFrameworksBuildPhase;
			buildActionMask = 2147483647;
			files = (
				40B694A205EF54500AF6294D /* Pods_Mentions.framework in Frameworks */,
			);
			runOnlyForDeploymentPostprocessing = 0;
		};
		183173B7213AEC5C00B342C1 /* Frameworks */ = {
			isa = PBXFrameworksBuildPhase;
			buildActionMask = 2147483647;
			files = (
				3A654F66FBF871FE25F66026 /* Pods_MentionsTests.framework in Frameworks */,
			);
			runOnlyForDeploymentPostprocessing = 0;
		};
		183173C2213AEC5C00B342C1 /* Frameworks */ = {
			isa = PBXFrameworksBuildPhase;
			buildActionMask = 2147483647;
			files = (
				C1B727D568EB77E72925FE77 /* Pods_MentionsUITests.framework in Frameworks */,
			);
			runOnlyForDeploymentPostprocessing = 0;
		};
/* End PBXFrameworksBuildPhase section */

/* Begin PBXGroup section */
		1831739D213AEC5A00B342C1 = {
			isa = PBXGroup;
			children = (
				183173A8213AEC5A00B342C1 /* Mentions */,
				183173BD213AEC5C00B342C1 /* MentionsTests */,
				183173C8213AEC5C00B342C1 /* MentionsUITests */,
				183173A7213AEC5A00B342C1 /* Products */,
				97822768FEB73C446F5F7FDC /* Pods */,
				8D96E8CB575AA02F2BF1235E /* Frameworks */,
			);
			sourceTree = "<group>";
		};
		183173A7213AEC5A00B342C1 /* Products */ = {
			isa = PBXGroup;
			children = (
				183173A6213AEC5A00B342C1 /* Mentions.app */,
				183173BA213AEC5C00B342C1 /* MentionsTests.xctest */,
				183173C5213AEC5C00B342C1 /* MentionsUITests.xctest */,
			);
			name = Products;
			sourceTree = "<group>";
		};
		183173A8213AEC5A00B342C1 /* Mentions */ = {
			isa = PBXGroup;
			children = (
				183173A9213AEC5A00B342C1 /* AppDelegate.swift */,
				183173AB213AEC5A00B342C1 /* ViewController.swift */,
				183173D7213AEDB600B342C1 /* User.swift */,
				183173D9213AEE8500B342C1 /* MentionsManager.swift */,
				183173AD213AEC5A00B342C1 /* Main.storyboard */,
				183173B0213AEC5C00B342C1 /* Assets.xcassets */,
				183173B2213AEC5C00B342C1 /* LaunchScreen.storyboard */,
				183173B5213AEC5C00B342C1 /* Info.plist */,
				183173DB213AF32800B342C1 /* UserTableViewCell.swift */,
				183173DC213AF32800B342C1 /* UserTableViewCell.xib */,
			);
			path = Mentions;
			sourceTree = "<group>";
		};
		183173BD213AEC5C00B342C1 /* MentionsTests */ = {
			isa = PBXGroup;
			children = (
				183173BE213AEC5C00B342C1 /* MentionsTests.swift */,
				183173C0213AEC5C00B342C1 /* Info.plist */,
			);
			path = MentionsTests;
			sourceTree = "<group>";
		};
		183173C8213AEC5C00B342C1 /* MentionsUITests */ = {
			isa = PBXGroup;
			children = (
				183173C9213AEC5C00B342C1 /* MentionsUITests.swift */,
				183173CB213AEC5C00B342C1 /* Info.plist */,
			);
			path = MentionsUITests;
			sourceTree = "<group>";
		};
		8D96E8CB575AA02F2BF1235E /* Frameworks */ = {
			isa = PBXGroup;
			children = (
				6A41E6782C66D853732E5C3A /* Pods_Mentions.framework */,
				917B8C24FFDAD3DD2D0D5D2A /* Pods_MentionsTests.framework */,
				690E98DC667255CB9F8A089F /* Pods_MentionsUITests.framework */,
			);
			name = Frameworks;
			sourceTree = "<group>";
		};
		97822768FEB73C446F5F7FDC /* Pods */ = {
			isa = PBXGroup;
			children = (
				A6E016B373D10EB8850AA948 /* Pods-Mentions.debug.xcconfig */,
				4CC38F66C4119B5FBEFEC134 /* Pods-Mentions.release.xcconfig */,
				BD254C30623D21D764042FE5 /* Pods-MentionsTests.debug.xcconfig */,
				9C61240113BCAD1CB7A721D3 /* Pods-MentionsTests.release.xcconfig */,
				CFC12394735E5F99602A419B /* Pods-MentionsUITests.debug.xcconfig */,
				2531A197A90010A37D93486E /* Pods-MentionsUITests.release.xcconfig */,
			);
			name = Pods;
			sourceTree = "<group>";
		};
/* End PBXGroup section */

/* Begin PBXNativeTarget section */
		183173A5213AEC5A00B342C1 /* Mentions */ = {
			isa = PBXNativeTarget;
			buildConfigurationList = 183173CE213AEC5C00B342C1 /* Build configuration list for PBXNativeTarget "Mentions" */;
			buildPhases = (
				E5368AF8C2FB847534464884 /* [CP] Check Pods Manifest.lock */,
				183173A2213AEC5A00B342C1 /* Sources */,
				183173A3213AEC5A00B342C1 /* Frameworks */,
				183173A4213AEC5A00B342C1 /* Resources */,
				41F336664B81696BB9B3D58A /* [CP] Embed Pods Frameworks */,
			);
			buildRules = (
			);
			dependencies = (
			);
			name = Mentions;
			productName = Mentions;
			productReference = 183173A6213AEC5A00B342C1 /* Mentions.app */;
			productType = "com.apple.product-type.application";
		};
		183173B9213AEC5C00B342C1 /* MentionsTests */ = {
			isa = PBXNativeTarget;
			buildConfigurationList = 183173D1213AEC5C00B342C1 /* Build configuration list for PBXNativeTarget "MentionsTests" */;
			buildPhases = (
				230B5F248EF550AAE7020E6A /* [CP] Check Pods Manifest.lock */,
				183173B6213AEC5C00B342C1 /* Sources */,
				183173B7213AEC5C00B342C1 /* Frameworks */,
				183173B8213AEC5C00B342C1 /* Resources */,
			);
			buildRules = (
			);
			dependencies = (
				183173BC213AEC5C00B342C1 /* PBXTargetDependency */,
			);
			name = MentionsTests;
			productName = MentionsTests;
			productReference = 183173BA213AEC5C00B342C1 /* MentionsTests.xctest */;
			productType = "com.apple.product-type.bundle.unit-test";
		};
		183173C4213AEC5C00B342C1 /* MentionsUITests */ = {
			isa = PBXNativeTarget;
			buildConfigurationList = 183173D4213AEC5C00B342C1 /* Build configuration list for PBXNativeTarget "MentionsUITests" */;
			buildPhases = (
				44CEBEE7AD7EF5B53F5B238F /* [CP] Check Pods Manifest.lock */,
				183173C1213AEC5C00B342C1 /* Sources */,
				183173C2213AEC5C00B342C1 /* Frameworks */,
				183173C3213AEC5C00B342C1 /* Resources */,
			);
			buildRules = (
			);
			dependencies = (
				183173C7213AEC5C00B342C1 /* PBXTargetDependency */,
			);
			name = MentionsUITests;
			productName = MentionsUITests;
			productReference = 183173C5213AEC5C00B342C1 /* MentionsUITests.xctest */;
			productType = "com.apple.product-type.bundle.ui-testing";
		};
/* End PBXNativeTarget section */

/* Begin PBXProject section */
		1831739E213AEC5A00B342C1 /* Project object */ = {
			isa = PBXProject;
			attributes = {
				LastSwiftUpdateCheck = 1000;
				LastUpgradeCheck = 1000;
				ORGANIZATIONNAME = Batth;
				TargetAttributes = {
					183173A5213AEC5A00B342C1 = {
						CreatedOnToolsVersion = 10.0;
					};
					183173B9213AEC5C00B342C1 = {
						CreatedOnToolsVersion = 10.0;
						TestTargetID = 183173A5213AEC5A00B342C1;
					};
					183173C4213AEC5C00B342C1 = {
						CreatedOnToolsVersion = 10.0;
						TestTargetID = 183173A5213AEC5A00B342C1;
					};
				};
			};
			buildConfigurationList = 183173A1213AEC5A00B342C1 /* Build configuration list for PBXProject "Mentions" */;
			compatibilityVersion = "Xcode 9.3";
			developmentRegion = en;
			hasScannedForEncodings = 0;
			knownRegions = (
				en,
				Base,
			);
			mainGroup = 1831739D213AEC5A00B342C1;
			productRefGroup = 183173A7213AEC5A00B342C1 /* Products */;
			projectDirPath = "";
			projectRoot = "";
			targets = (
				183173A5213AEC5A00B342C1 /* Mentions */,
				183173B9213AEC5C00B342C1 /* MentionsTests */,
				183173C4213AEC5C00B342C1 /* MentionsUITests */,
			);
		};
/* End PBXProject section */

/* Begin PBXResourcesBuildPhase section */
		183173A4213AEC5A00B342C1 /* Resources */ = {
			isa = PBXResourcesBuildPhase;
			buildActionMask = 2147483647;
			files = (
				183173DE213AF32800B342C1 /* UserTableViewCell.xib in Resources */,
				183173B4213AEC5C00B342C1 /* LaunchScreen.storyboard in Resources */,
				183173B1213AEC5C00B342C1 /* Assets.xcassets in Resources */,
				183173AF213AEC5A00B342C1 /* Main.storyboard in Resources */,
			);
			runOnlyForDeploymentPostprocessing = 0;
		};
		183173B8213AEC5C00B342C1 /* Resources */ = {
			isa = PBXResourcesBuildPhase;
			buildActionMask = 2147483647;
			files = (
			);
			runOnlyForDeploymentPostprocessing = 0;
		};
		183173C3213AEC5C00B342C1 /* Resources */ = {
			isa = PBXResourcesBuildPhase;
			buildActionMask = 2147483647;
			files = (
			);
			runOnlyForDeploymentPostprocessing = 0;
		};
/* End PBXResourcesBuildPhase section */

/* Begin PBXShellScriptBuildPhase section */
		230B5F248EF550AAE7020E6A /* [CP] Check Pods Manifest.lock */ = {
			isa = PBXShellScriptBuildPhase;
			buildActionMask = 2147483647;
			files = (
			);
			inputPaths = (
				"${PODS_PODFILE_DIR_PATH}/Podfile.lock",
				"${PODS_ROOT}/Manifest.lock",
			);
			name = "[CP] Check Pods Manifest.lock";
			outputPaths = (
				"$(DERIVED_FILE_DIR)/Pods-MentionsTests-checkManifestLockResult.txt",
			);
			runOnlyForDeploymentPostprocessing = 0;
			shellPath = /bin/sh;
			shellScript = "diff \"${PODS_PODFILE_DIR_PATH}/Podfile.lock\" \"${PODS_ROOT}/Manifest.lock\" > /dev/null\nif [ $? != 0 ] ; then\n    # print error to STDERR\n    echo \"error: The sandbox is not in sync with the Podfile.lock. Run 'pod install' or update your CocoaPods installation.\" >&2\n    exit 1\nfi\n# This output is used by Xcode 'outputs' to avoid re-running this script phase.\necho \"SUCCESS\" > \"${SCRIPT_OUTPUT_FILE_0}\"\n";
			showEnvVarsInLog = 0;
		};
		41F336664B81696BB9B3D58A /* [CP] Embed Pods Frameworks */ = {
			isa = PBXShellScriptBuildPhase;
			buildActionMask = 2147483647;
			files = (
			);
			inputPaths = (
				"${SRCROOT}/Pods/Target Support Files/Pods-Mentions/Pods-Mentions-frameworks.sh",
				"${BUILT_PRODUCTS_DIR}/Hakawai/Hakawai.framework",
			);
			name = "[CP] Embed Pods Frameworks";
			outputPaths = (
				"${TARGET_BUILD_DIR}/${FRAMEWORKS_FOLDER_PATH}/Hakawai.framework",
			);
			runOnlyForDeploymentPostprocessing = 0;
			shellPath = /bin/sh;
			shellScript = "\"${SRCROOT}/Pods/Target Support Files/Pods-Mentions/Pods-Mentions-frameworks.sh\"\n";
			showEnvVarsInLog = 0;
		};
		44CEBEE7AD7EF5B53F5B238F /* [CP] Check Pods Manifest.lock */ = {
			isa = PBXShellScriptBuildPhase;
			buildActionMask = 2147483647;
			files = (
			);
			inputPaths = (
				"${PODS_PODFILE_DIR_PATH}/Podfile.lock",
				"${PODS_ROOT}/Manifest.lock",
			);
			name = "[CP] Check Pods Manifest.lock";
			outputPaths = (
				"$(DERIVED_FILE_DIR)/Pods-MentionsUITests-checkManifestLockResult.txt",
			);
			runOnlyForDeploymentPostprocessing = 0;
			shellPath = /bin/sh;
			shellScript = "diff \"${PODS_PODFILE_DIR_PATH}/Podfile.lock\" \"${PODS_ROOT}/Manifest.lock\" > /dev/null\nif [ $? != 0 ] ; then\n    # print error to STDERR\n    echo \"error: The sandbox is not in sync with the Podfile.lock. Run 'pod install' or update your CocoaPods installation.\" >&2\n    exit 1\nfi\n# This output is used by Xcode 'outputs' to avoid re-running this script phase.\necho \"SUCCESS\" > \"${SCRIPT_OUTPUT_FILE_0}\"\n";
			showEnvVarsInLog = 0;
		};
		E5368AF8C2FB847534464884 /* [CP] Check Pods Manifest.lock */ = {
			isa = PBXShellScriptBuildPhase;
			buildActionMask = 2147483647;
			files = (
			);
			inputPaths = (
				"${PODS_PODFILE_DIR_PATH}/Podfile.lock",
				"${PODS_ROOT}/Manifest.lock",
			);
			name = "[CP] Check Pods Manifest.lock";
			outputPaths = (
				"$(DERIVED_FILE_DIR)/Pods-Mentions-checkManifestLockResult.txt",
			);
			runOnlyForDeploymentPostprocessing = 0;
			shellPath = /bin/sh;
			shellScript = "diff \"${PODS_PODFILE_DIR_PATH}/Podfile.lock\" \"${PODS_ROOT}/Manifest.lock\" > /dev/null\nif [ $? != 0 ] ; then\n    # print error to STDERR\n    echo \"error: The sandbox is not in sync with the Podfile.lock. Run 'pod install' or update your CocoaPods installation.\" >&2\n    exit 1\nfi\n# This output is used by Xcode 'outputs' to avoid re-running this script phase.\necho \"SUCCESS\" > \"${SCRIPT_OUTPUT_FILE_0}\"\n";
			showEnvVarsInLog = 0;
		};
/* End PBXShellScriptBuildPhase section */

/* Begin PBXSourcesBuildPhase section */
		183173A2213AEC5A00B342C1 /* Sources */ = {
			isa = PBXSourcesBuildPhase;
			buildActionMask = 2147483647;
			files = (
				183173DA213AEE8500B342C1 /* MentionsManager.swift in Sources */,
				183173AC213AEC5A00B342C1 /* ViewController.swift in Sources */,
				183173AA213AEC5A00B342C1 /* AppDelegate.swift in Sources */,
				183173D8213AEDB600B342C1 /* User.swift in Sources */,
				183173DD213AF32800B342C1 /* UserTableViewCell.swift in Sources */,
			);
			runOnlyForDeploymentPostprocessing = 0;
		};
		183173B6213AEC5C00B342C1 /* Sources */ = {
			isa = PBXSourcesBuildPhase;
			buildActionMask = 2147483647;
			files = (
				183173BF213AEC5C00B342C1 /* MentionsTests.swift in Sources */,
			);
			runOnlyForDeploymentPostprocessing = 0;
		};
		183173C1213AEC5C00B342C1 /* Sources */ = {
			isa = PBXSourcesBuildPhase;
			buildActionMask = 2147483647;
			files = (
				183173CA213AEC5C00B342C1 /* MentionsUITests.swift in Sources */,
			);
			runOnlyForDeploymentPostprocessing = 0;
		};
/* End PBXSourcesBuildPhase section */

/* Begin PBXTargetDependency section */
		183173BC213AEC5C00B342C1 /* PBXTargetDependency */ = {
			isa = PBXTargetDependency;
			target = 183173A5213AEC5A00B342C1 /* Mentions */;
			targetProxy = 183173BB213AEC5C00B342C1 /* PBXContainerItemProxy */;
		};
		183173C7213AEC5C00B342C1 /* PBXTargetDependency */ = {
			isa = PBXTargetDependency;
			target = 183173A5213AEC5A00B342C1 /* Mentions */;
			targetProxy = 183173C6213AEC5C00B342C1 /* PBXContainerItemProxy */;
		};
/* End PBXTargetDependency section */

/* Begin PBXVariantGroup section */
		183173AD213AEC5A00B342C1 /* Main.storyboard */ = {
			isa = PBXVariantGroup;
			children = (
				183173AE213AEC5A00B342C1 /* Base */,
			);
			name = Main.storyboard;
			sourceTree = "<group>";
		};
		183173B2213AEC5C00B342C1 /* LaunchScreen.storyboard */ = {
			isa = PBXVariantGroup;
			children = (
				183173B3213AEC5C00B342C1 /* Base */,
			);
			name = LaunchScreen.storyboard;
			sourceTree = "<group>";
		};
/* End PBXVariantGroup section */

/* Begin XCBuildConfiguration section */
		183173CC213AEC5C00B342C1 /* Debug */ = {
			isa = XCBuildConfiguration;
			buildSettings = {
				ALWAYS_SEARCH_USER_PATHS = NO;
				CLANG_ANALYZER_NONNULL = YES;
				CLANG_ANALYZER_NUMBER_OBJECT_CONVERSION = YES_AGGRESSIVE;
				CLANG_CXX_LANGUAGE_STANDARD = "gnu++14";
				CLANG_CXX_LIBRARY = "libc++";
				CLANG_ENABLE_MODULES = YES;
				CLANG_ENABLE_OBJC_ARC = YES;
				CLANG_ENABLE_OBJC_WEAK = YES;
				CLANG_WARN_BLOCK_CAPTURE_AUTORELEASING = YES;
				CLANG_WARN_BOOL_CONVERSION = YES;
				CLANG_WARN_COMMA = YES;
				CLANG_WARN_CONSTANT_CONVERSION = YES;
				CLANG_WARN_DEPRECATED_OBJC_IMPLEMENTATIONS = YES;
				CLANG_WARN_DIRECT_OBJC_ISA_USAGE = YES_ERROR;
				CLANG_WARN_DOCUMENTATION_COMMENTS = YES;
				CLANG_WARN_EMPTY_BODY = YES;
				CLANG_WARN_ENUM_CONVERSION = YES;
				CLANG_WARN_INFINITE_RECURSION = YES;
				CLANG_WARN_INT_CONVERSION = YES;
				CLANG_WARN_NON_LITERAL_NULL_CONVERSION = YES;
				CLANG_WARN_OBJC_IMPLICIT_RETAIN_SELF = YES;
				CLANG_WARN_OBJC_LITERAL_CONVERSION = YES;
				CLANG_WARN_OBJC_ROOT_CLASS = YES_ERROR;
				CLANG_WARN_RANGE_LOOP_ANALYSIS = YES;
				CLANG_WARN_STRICT_PROTOTYPES = YES;
				CLANG_WARN_SUSPICIOUS_MOVE = YES;
				CLANG_WARN_UNGUARDED_AVAILABILITY = YES_AGGRESSIVE;
				CLANG_WARN_UNREACHABLE_CODE = YES;
				CLANG_WARN__DUPLICATE_METHOD_MATCH = YES;
				CODE_SIGN_IDENTITY = "iPhone Developer";
				COPY_PHASE_STRIP = NO;
				DEBUG_INFORMATION_FORMAT = dwarf;
				ENABLE_STRICT_OBJC_MSGSEND = YES;
				ENABLE_TESTABILITY = YES;
				GCC_C_LANGUAGE_STANDARD = gnu11;
				GCC_DYNAMIC_NO_PIC = NO;
				GCC_NO_COMMON_BLOCKS = YES;
				GCC_OPTIMIZATION_LEVEL = 0;
				GCC_PREPROCESSOR_DEFINITIONS = (
					"DEBUG=1",
					"$(inherited)",
				);
				GCC_WARN_64_TO_32_BIT_CONVERSION = YES;
				GCC_WARN_ABOUT_RETURN_TYPE = YES_ERROR;
				GCC_WARN_UNDECLARED_SELECTOR = YES;
				GCC_WARN_UNINITIALIZED_AUTOS = YES_AGGRESSIVE;
				GCC_WARN_UNUSED_FUNCTION = YES;
				GCC_WARN_UNUSED_VARIABLE = YES;
				IPHONEOS_DEPLOYMENT_TARGET = 12.0;
				MTL_ENABLE_DEBUG_INFO = INCLUDE_SOURCE;
				MTL_FAST_MATH = YES;
				ONLY_ACTIVE_ARCH = YES;
				SDKROOT = iphoneos;
				SWIFT_ACTIVE_COMPILATION_CONDITIONS = DEBUG;
				SWIFT_OPTIMIZATION_LEVEL = "-Onone";
			};
			name = Debug;
		};
		183173CD213AEC5C00B342C1 /* Release */ = {
			isa = XCBuildConfiguration;
			buildSettings = {
				ALWAYS_SEARCH_USER_PATHS = NO;
				CLANG_ANALYZER_NONNULL = YES;
				CLANG_ANALYZER_NUMBER_OBJECT_CONVERSION = YES_AGGRESSIVE;
				CLANG_CXX_LANGUAGE_STANDARD = "gnu++14";
				CLANG_CXX_LIBRARY = "libc++";
				CLANG_ENABLE_MODULES = YES;
				CLANG_ENABLE_OBJC_ARC = YES;
				CLANG_ENABLE_OBJC_WEAK = YES;
				CLANG_WARN_BLOCK_CAPTURE_AUTORELEASING = YES;
				CLANG_WARN_BOOL_CONVERSION = YES;
				CLANG_WARN_COMMA = YES;
				CLANG_WARN_CONSTANT_CONVERSION = YES;
				CLANG_WARN_DEPRECATED_OBJC_IMPLEMENTATIONS = YES;
				CLANG_WARN_DIRECT_OBJC_ISA_USAGE = YES_ERROR;
				CLANG_WARN_DOCUMENTATION_COMMENTS = YES;
				CLANG_WARN_EMPTY_BODY = YES;
				CLANG_WARN_ENUM_CONVERSION = YES;
				CLANG_WARN_INFINITE_RECURSION = YES;
				CLANG_WARN_INT_CONVERSION = YES;
				CLANG_WARN_NON_LITERAL_NULL_CONVERSION = YES;
				CLANG_WARN_OBJC_IMPLICIT_RETAIN_SELF = YES;
				CLANG_WARN_OBJC_LITERAL_CONVERSION = YES;
				CLANG_WARN_OBJC_ROOT_CLASS = YES_ERROR;
				CLANG_WARN_RANGE_LOOP_ANALYSIS = YES;
				CLANG_WARN_STRICT_PROTOTYPES = YES;
				CLANG_WARN_SUSPICIOUS_MOVE = YES;
				CLANG_WARN_UNGUARDED_AVAILABILITY = YES_AGGRESSIVE;
				CLANG_WARN_UNREACHABLE_CODE = YES;
				CLANG_WARN__DUPLICATE_METHOD_MATCH = YES;
				CODE_SIGN_IDENTITY = "iPhone Developer";
				COPY_PHASE_STRIP = NO;
				DEBUG_INFORMATION_FORMAT = "dwarf-with-dsym";
				ENABLE_NS_ASSERTIONS = NO;
				ENABLE_STRICT_OBJC_MSGSEND = YES;
				GCC_C_LANGUAGE_STANDARD = gnu11;
				GCC_NO_COMMON_BLOCKS = YES;
				GCC_WARN_64_TO_32_BIT_CONVERSION = YES;
				GCC_WARN_ABOUT_RETURN_TYPE = YES_ERROR;
				GCC_WARN_UNDECLARED_SELECTOR = YES;
				GCC_WARN_UNINITIALIZED_AUTOS = YES_AGGRESSIVE;
				GCC_WARN_UNUSED_FUNCTION = YES;
				GCC_WARN_UNUSED_VARIABLE = YES;
				IPHONEOS_DEPLOYMENT_TARGET = 12.0;
				MTL_ENABLE_DEBUG_INFO = NO;
				MTL_FAST_MATH = YES;
				SDKROOT = iphoneos;
				SWIFT_COMPILATION_MODE = wholemodule;
				SWIFT_OPTIMIZATION_LEVEL = "-O";
				VALIDATE_PRODUCT = YES;
			};
			name = Release;
		};
		183173CF213AEC5C00B342C1 /* Debug */ = {
			isa = XCBuildConfiguration;
			baseConfigurationReference = A6E016B373D10EB8850AA948 /* Pods-Mentions.debug.xcconfig */;
			buildSettings = {
				ASSETCATALOG_COMPILER_APPICON_NAME = AppIcon;
				CODE_SIGN_STYLE = Automatic;
				INFOPLIST_FILE = Mentions/Info.plist;
				LD_RUNPATH_SEARCH_PATHS = (
					"$(inherited)",
					"@executable_path/Frameworks",
				);
				PRODUCT_BUNDLE_IDENTIFIER = com.batth.Mentions;
				PRODUCT_NAME = "$(TARGET_NAME)";
				SWIFT_VERSION = 4.2;
				TARGETED_DEVICE_FAMILY = "1,2";
			};
			name = Debug;
		};
		183173D0213AEC5C00B342C1 /* Release */ = {
			isa = XCBuildConfiguration;
			baseConfigurationReference = 4CC38F66C4119B5FBEFEC134 /* Pods-Mentions.release.xcconfig */;
			buildSettings = {
				ASSETCATALOG_COMPILER_APPICON_NAME = AppIcon;
				CODE_SIGN_STYLE = Automatic;
				INFOPLIST_FILE = Mentions/Info.plist;
				LD_RUNPATH_SEARCH_PATHS = (
					"$(inherited)",
					"@executable_path/Frameworks",
				);
				PRODUCT_BUNDLE_IDENTIFIER = com.batth.Mentions;
				PRODUCT_NAME = "$(TARGET_NAME)";
				SWIFT_VERSION = 4.2;
				TARGETED_DEVICE_FAMILY = "1,2";
			};
			name = Release;
		};
		183173D2213AEC5C00B342C1 /* Debug */ = {
			isa = XCBuildConfiguration;
			baseConfigurationReference = BD254C30623D21D764042FE5 /* Pods-MentionsTests.debug.xcconfig */;
			buildSettings = {
				ALWAYS_EMBED_SWIFT_STANDARD_LIBRARIES = YES;
				BUNDLE_LOADER = "$(TEST_HOST)";
				CODE_SIGN_STYLE = Automatic;
				INFOPLIST_FILE = MentionsTests/Info.plist;
				LD_RUNPATH_SEARCH_PATHS = (
					"$(inherited)",
					"@executable_path/Frameworks",
					"@loader_path/Frameworks",
				);
				PRODUCT_BUNDLE_IDENTIFIER = com.batth.MentionsTests;
				PRODUCT_NAME = "$(TARGET_NAME)";
				SWIFT_VERSION = 4.2;
				TARGETED_DEVICE_FAMILY = "1,2";
				TEST_HOST = "$(BUILT_PRODUCTS_DIR)/Mentions.app/Mentions";
			};
			name = Debug;
		};
		183173D3213AEC5C00B342C1 /* Release */ = {
			isa = XCBuildConfiguration;
			baseConfigurationReference = 9C61240113BCAD1CB7A721D3 /* Pods-MentionsTests.release.xcconfig */;
			buildSettings = {
				ALWAYS_EMBED_SWIFT_STANDARD_LIBRARIES = YES;
				BUNDLE_LOADER = "$(TEST_HOST)";
				CODE_SIGN_STYLE = Automatic;
				INFOPLIST_FILE = MentionsTests/Info.plist;
				LD_RUNPATH_SEARCH_PATHS = (
					"$(inherited)",
					"@executable_path/Frameworks",
					"@loader_path/Frameworks",
				);
				PRODUCT_BUNDLE_IDENTIFIER = com.batth.MentionsTests;
				PRODUCT_NAME = "$(TARGET_NAME)";
				SWIFT_VERSION = 4.2;
				TARGETED_DEVICE_FAMILY = "1,2";
				TEST_HOST = "$(BUILT_PRODUCTS_DIR)/Mentions.app/Mentions";
			};
			name = Release;
		};
		183173D5213AEC5C00B342C1 /* Debug */ = {
			isa = XCBuildConfiguration;
			baseConfigurationReference = CFC12394735E5F99602A419B /* Pods-MentionsUITests.debug.xcconfig */;
			buildSettings = {
				ALWAYS_EMBED_SWIFT_STANDARD_LIBRARIES = YES;
				CODE_SIGN_STYLE = Automatic;
				INFOPLIST_FILE = MentionsUITests/Info.plist;
				LD_RUNPATH_SEARCH_PATHS = (
					"$(inherited)",
					"@executable_path/Frameworks",
					"@loader_path/Frameworks",
				);
				PRODUCT_BUNDLE_IDENTIFIER = com.batth.MentionsUITests;
				PRODUCT_NAME = "$(TARGET_NAME)";
				SWIFT_VERSION = 4.2;
				TARGETED_DEVICE_FAMILY = "1,2";
				TEST_TARGET_NAME = Mentions;
			};
			name = Debug;
		};
		183173D6213AEC5C00B342C1 /* Release */ = {
			isa = XCBuildConfiguration;
			baseConfigurationReference = 2531A197A90010A37D93486E /* Pods-MentionsUITests.release.xcconfig */;
			buildSettings = {
				ALWAYS_EMBED_SWIFT_STANDARD_LIBRARIES = YES;
				CODE_SIGN_STYLE = Automatic;
				INFOPLIST_FILE = MentionsUITests/Info.plist;
				LD_RUNPATH_SEARCH_PATHS = (
					"$(inherited)",
					"@executable_path/Frameworks",
					"@loader_path/Frameworks",
				);
				PRODUCT_BUNDLE_IDENTIFIER = com.batth.MentionsUITests;
				PRODUCT_NAME = "$(TARGET_NAME)";
				SWIFT_VERSION = 4.2;
				TARGETED_DEVICE_FAMILY = "1,2";
				TEST_TARGET_NAME = Mentions;
			};
			name = Release;
		};
/* End XCBuildConfiguration section */

/* Begin XCConfigurationList section */
		183173A1213AEC5A00B342C1 /* Build configuration list for PBXProject "Mentions" */ = {
			isa = XCConfigurationList;
			buildConfigurations = (
				183173CC213AEC5C00B342C1 /* Debug */,
				183173CD213AEC5C00B342C1 /* Release */,
			);
			defaultConfigurationIsVisible = 0;
			defaultConfigurationName = Release;
		};
		183173CE213AEC5C00B342C1 /* Build configuration list for PBXNativeTarget "Mentions" */ = {
			isa = XCConfigurationList;
			buildConfigurations = (
				183173CF213AEC5C00B342C1 /* Debug */,
				183173D0213AEC5C00B342C1 /* Release */,
			);
			defaultConfigurationIsVisible = 0;
			defaultConfigurationName = Release;
		};
		183173D1213AEC5C00B342C1 /* Build configuration list for PBXNativeTarget "MentionsTests" */ = {
			isa = XCConfigurationList;
			buildConfigurations = (
				183173D2213AEC5C00B342C1 /* Debug */,
				183173D3213AEC5C00B342C1 /* Release */,
			);
			defaultConfigurationIsVisible = 0;
			defaultConfigurationName = Release;
		};
		183173D4213AEC5C00B342C1 /* Build configuration list for PBXNativeTarget "MentionsUITests" */ = {
			isa = XCConfigurationList;
			buildConfigurations = (
				183173D5213AEC5C00B342C1 /* Debug */,
				183173D6213AEC5C00B342C1 /* Release */,
			);
			defaultConfigurationIsVisible = 0;
			defaultConfigurationName = Release;
		};
/* End XCConfigurationList section */
	};
	rootObject = 1831739E213AEC5A00B342C1 /* Project object */;
}
